{
  "name": "nja-test-cjs",
  "lockfileVersion": 3,
  "requires": true,
  "packages": {
    "": {
      "name": "nja-test-cjs",
      "dependencies": {
        "@geolonia/normalize-japanese-addresses": "file:../../.."
      }
    },
    "../../..": {
      "name": "@geolonia/normalize-japanese-addresses",
      "version": "3.0.1",
      "license": "MIT",
      "dependencies": {
        "@geolonia/japanese-addresses-v2": "0.0.5",
        "@geolonia/japanese-numeral": "^1.0.2",
        "lru-cache": "^11.0.1",
        "papaparse": "^5.4.1",
        "undici": "^6.19.8"
      },
      "devDependencies": {
        "@rollup/plugin-commonjs": "^28.0.0",
        "@rollup/plugin-node-resolve": "^15.3.0",
        "@rollup/plugin-replace": "^6.0.1",
        "@rollup/plugin-terser": "^0.4.4",
        "@rollup/plugin-typescript": "^12.1.0",
        "@types/node": "^22",
        "@types/papaparse": "^5.3.14",
        "@typescript-eslint/eslint-plugin": "^8.7.0",
        "@typescript-eslint/parser": "^8.7.0",
        "eslint": "^9.11.1",
        "eslint-config-prettier": "^9.1.0",
        "eslint-plugin-prettier": "^5.2.1",
        "eslint-plugin-tsdoc": "^0.3.0",
        "glob": "^11.0.0",
        "jest-matcher-deep-close-to": "^3.0.2",
        "prettier": "^3.3.3",
        "puppeteer": "^23.6.0",
        "rollup": "^4.22.4",
        "shx": "^0.3.4",
        "tsx": "^4.19.1",
        "typescript": "^5.6.2"
      },
      "engines": {
        "node": ">=18"
      }
    },
    "node_modules/@geolonia/normalize-japanese-addresses": {
      "resolved": "../../..",
      "link": true
    }
  }
}
